{
  "name": "claude-supermemory",
  "version": "0.0.4",
  "lockfileVersion": 3,
  "requires": true,
  "packages": {
    "": {
      "name": "claude-supermemory",
      "version": "0.0.4",
      "license": "MIT",
      "dependencies": {
        "supermemory": "^4.0.0"
      },
      "engines": {
        "node": ">=18.0.0"
      }
    },
    "node_modules/supermemory": {
      "version": "4.0.0",
      "resolved": "https://registry.npmjs.org/supermemory/-/supermemory-4.0.0.tgz",
      "integrity": "sha512-xMN05PQ8kTv8DuXa2qf8h/9LaRI7v1Kz3Tutt97JPq+PzhGabKLv5YVbSgqHiPX5yXcSUBVBNYPPbhAQMF6GYQ==",
      "license": "Apache-2.0"
    }
  }
}
